
Microsoft Visual Studio Solution File, Format Version 12.00
# Visual Studio Version 17
VisualStudioVersion = 17.0.31903.59
MinimumVisualStudioVersion = 10.0.40219.1
Project("{FAE04EC0-301F-11D3-BF4B-00C04F79EFBC}") = "PlaceOrderContext", "PlaceOrderContext\PlaceOrderContext.csproj", "{CA5E9907-E80B-4518-8168-7822BC92E105}"
EndProject
Project("{FAE04EC0-301F-11D3-BF4B-00C04F79EFBC}") = "BillingContext", "BillingContext\BillingContext.csproj", "{A13A46E1-8F5E-4979-8C80-B07412833F24}"
EndProject
Project("{FAE04EC0-301F-11D3-BF4B-00C04F79EFBC}") = "ShippingContext", "ShippingContext\ShippingContext.csproj", "{DE9CDC61-4727-43CF-A52C-261F3053D210}"
EndProject
Project("{FAE04EC0-301F-11D3-BF4B-00C04F79EFBC}") = "MainApp", "MainApp\MainApp.csproj", "{1C52E08C-9399-4CDC-9667-2B7A94576414}"
EndProject
Global
	GlobalSection(SolutionConfigurationPlatforms) = preSolution
		Debug|Any CPU = Debug|Any CPU
		Release|Any CPU = Release|Any CPU
	EndGlobalSection
	GlobalSection(SolutionProperties) = preSolution
		HideSolutionNode = FALSE
	EndGlobalSection
	GlobalSection(ProjectConfigurationPlatforms) = postSolution
		{CA5E9907-E80B-4518-8168-7822BC92E105}.Debug|Any CPU.ActiveCfg = Debug|Any CPU
		{CA5E9907-E80B-4518-8168-7822BC92E105}.Debug|Any CPU.Build.0 = Debug|Any CPU
		{CA5E9907-E80B-4518-8168-7822BC92E105}.Release|Any CPU.ActiveCfg = Release|Any CPU
		{CA5E9907-E80B-4518-8168-7822BC92E105}.Release|Any CPU.Build.0 = Release|Any CPU
		{A13A46E1-8F5E-4979-8C80-B07412833F24}.Debug|Any CPU.ActiveCfg = Debug|Any CPU
		{A13A46E1-8F5E-4979-8C80-B07412833F24}.Debug|Any CPU.Build.0 = Debug|Any CPU
		{A13A46E1-8F5E-4979-8C80-B07412833F24}.Release|Any CPU.ActiveCfg = Release|Any CPU
		{A13A46E1-8F5E-4979-8C80-B07412833F24}.Release|Any CPU.Build.0 = Release|Any CPU
		{DE9CDC61-4727-43CF-A52C-261F3053D210}.Debug|Any CPU.ActiveCfg = Debug|Any CPU
		{DE9CDC61-4727-43CF-A52C-261F3053D210}.Debug|Any CPU.Build.0 = Debug|Any CPU
		{DE9CDC61-4727-43CF-A52C-261F3053D210}.Release|Any CPU.ActiveCfg = Release|Any CPU
		{DE9CDC61-4727-43CF-A52C-261F3053D210}.Release|Any CPU.Build.0 = Release|Any CPU
		{1C52E08C-9399-4CDC-9667-2B7A94576414}.Debug|Any CPU.ActiveCfg = Debug|Any CPU
		{1C52E08C-9399-4CDC-9667-2B7A94576414}.Debug|Any CPU.Build.0 = Debug|Any CPU
		{1C52E08C-9399-4CDC-9667-2B7A94576414}.Release|Any CPU.ActiveCfg = Release|Any CPU
		{1C52E08C-9399-4CDC-9667-2B7A94576414}.Release|Any CPU.Build.0 = Release|Any CPU
	EndGlobalSection
EndGlobal
